{
  "version": 4,
  "terraform_version": "0.12.24",
  "serial": 924,
  "lineage": "95ed9efb-b0f5-4554-c46e-7dfbd4d985af",
  "outputs": {
    "dynamodb_account_prod": {
      "value": "safra_tecnee_account",
      "type": "string"
    },
    "dynamodb_wallet_prod": {
      "value": "safra_tecnee_wallet",
      "type": "string"
    },
    "invoke-url": {
      "value": "https://wlrfkvp3g5.execute-api.us-east-1.amazonaws.com/production/{proxy+}",
      "type": "string"
    },
    "lambda_function": {
      "value": "arn:aws:lambda:us-east-1:673186312179:function:safra_tecnee-api-lambda",
      "type": "string"
    }
  },
  "resources": [
    {
      "mode": "data",
      "type": "archive_file",
      "name": "zip_lambda_api_authorizer",
      "provider": "provider.archive",
      "instances": [
        {
          "schema_version": 0,
          "attributes": {
            "excludes": null,
            "id": "649008768abe87069434b764751910c23906c8cb",
            "output_base64sha256": "wLSGwJcjB82O9NecPpTQ8o8MP7tpypsfLyDXOY71Qlc=",
            "output_md5": "53cc7a0ffc235473ce9b67d49dd16a53",
            "output_path": "./lambda_files/lambda_api_authorizer/lambda_api_authorizer.zip",
            "output_sha": "649008768abe87069434b764751910c23906c8cb",
            "output_size": 1048,
            "source": [],
            "source_content": null,
            "source_content_filename": null,
            "source_dir": null,
            "source_file": "./lambda_files/lambda_api_authorizer/lambda_api_authorizer.js",
            "type": "zip"
          }
        }
      ]
    },
    {
      "mode": "data",
      "type": "archive_file",
      "name": "zip_lambda_function",
      "provider": "provider.archive",
      "instances": [
        {
          "schema_version": 0,
          "attributes": {
            "excludes": null,
            "id": "8a3d5b4d797459832638ea36154df2f65df8a810",
            "output_base64sha256": "1cnYxObhGsy2y3+3JObz3ldzcC0G13YvFFji4WRqJzc=",
            "output_md5": "4653297411092009204f8e86cd65ccc0",
            "output_path": "./lambda_files/lambda_function/lambda_function.zip",
            "output_sha": "8a3d5b4d797459832638ea36154df2f65df8a810",
            "output_size": 3900,
            "source": [],
            "source_content": null,
            "source_content_filename": null,
            "source_dir": "./lambda_files/lambda_function/",
            "source_file": null,
            "type": "zip"
          }
        }
      ]
    },
    {
      "mode": "data",
      "type": "archive_file",
      "name": "zip_safra_bot_function",
      "provider": "provider.archive",
      "instances": [
        {
          "schema_version": 0,
          "attributes": {
            "excludes": null,
            "id": "e26a59d019c202a2260cf05c0befd8e3cc9905f1",
            "output_base64sha256": "dC7U/yfXGkBh8T0+f2N5TRR/sT9Uz/nCBGnAGNqz9+U=",
            "output_md5": "2c6fe1f8efa4a9fcabeb2366de33c717",
            "output_path": "./lambda_files/safra_bot/safra_bot.zip",
            "output_sha": "e26a59d019c202a2260cf05c0befd8e3cc9905f1",
            "output_size": 2049,
            "source": [],
            "source_content": null,
            "source_content_filename": null,
            "source_dir": "./lambda_files/safra_bot/",
            "source_file": null,
            "type": "zip"
          }
        }
      ]
    },
    {
      "mode": "data",
      "type": "aws_caller_identity",
      "name": "current",
      "provider": "provider.aws",
      "instances": [
        {
          "schema_version": 0,
          "attributes": {
            "account_id": "673186312179",
            "arn": "arn:aws:iam::673186312179:user/aumoraes",
            "id": "2020-09-14 00:29:55.206103766 +0000 UTC",
            "user_id": "AIDAZZPIH57ZW55HYLPSG"
          }
        }
      ]
    },
    {
      "mode": "data",
      "type": "aws_region",
      "name": "current",
      "provider": "provider.aws",
      "instances": [
        {
          "schema_version": 0,
          "attributes": {
            "current": null,
            "description": "US East (N. Virginia)",
            "endpoint": "ec2.us-east-1.amazonaws.com",
            "id": "us-east-1",
            "name": "us-east-1"
          }
        }
      ]
    },
    {
      "mode": "data",
      "type": "template_file",
      "name": "dynamo_data_account_01",
      "provider": "provider.template",
      "instances": [
        {
          "schema_version": 0,
          "attributes": {
            "filename": null,
            "id": "3de181ba320ee91b5aa234c1805fbcf0a4f62a038be55775cd3ce4a8e97359f6",
            "rendered": "{\n  \"AccountId\": {\"S\": \"00711234511\"},\n  \"Currency\": {\"S\": \"BRL\"},\n  \"Nickname\": {\"S\": \"Susan\"},\n  \"Name\": {\"S\": \"Susan Wojcicki da Silva\"},\n  \"Identification\": {\"S\": \"12345678901211\"},\n  \"Age\": {\"N\": \"30\"},\n  \"Investor\": {\"S\": \"1\"},\n  \"InvestorProfile\": {\"S\": \"Conservador\"},\n  \"Amount\": {\"S\": \"1000\"},\n  \"SafraCoins\": {\"S\": \"100\"},\n  \"PorcentagemFIIs\": {\"S\": \"90\"},\n  \"PorcentagemAcoes\": {\"S\": \"10\"}\n}",
            "template": "{\n  \"AccountId\": {\"S\": \"00711234511\"},\n  \"Currency\": {\"S\": \"BRL\"},\n  \"Nickname\": {\"S\": \"Susan\"},\n  \"Name\": {\"S\": \"Susan Wojcicki da Silva\"},\n  \"Identification\": {\"S\": \"12345678901211\"},\n  \"Age\": {\"N\": \"30\"},\n  \"Investor\": {\"S\": \"1\"},\n  \"InvestorProfile\": {\"S\": \"Conservador\"},\n  \"Amount\": {\"S\": \"1000\"},\n  \"SafraCoins\": {\"S\": \"100\"},\n  \"PorcentagemFIIs\": {\"S\": \"90\"},\n  \"PorcentagemAcoes\": {\"S\": \"10\"}\n}",
            "vars": null
          }
        }
      ]
    },
    {
      "mode": "data",
      "type": "template_file",
      "name": "dynamo_data_account_02",
      "provider": "provider.template",
      "instances": [
        {
          "schema_version": 0,
          "attributes": {
            "filename": null,
            "id": "591a9e88fac392e1a70fc45cb56b7fb0d02d55edede8656fca1c4c8c28d7d98b",
            "rendered": "{\n  \"AccountId\": {\"S\": \"00711234522\"},\n  \"Currency\": {\"S\": \"BRL\"},\n  \"Nickname\": {\"S\": \"Satya\"},\n  \"Name\": {\"S\": \"Satya Nadella da Silva\"},\n  \"Identification\": {\"S\": \"12345678901222\"},\n  \"Age\": {\"N\": \"28\"},\n  \"Investor\": {\"S\": \"1\"},\n  \"InvestorProfile\": {\"S\": \"Moderado\"},\n  \"Amount\": {\"S\": \"800\"},\n  \"SafraCoins\": {\"S\": \"30\"},\n  \"PorcentagemFIIs\": {\"S\": \"50\"},\n  \"PorcentagemAcoes\": {\"S\": \"50\"}\n}",
            "template": "{\n  \"AccountId\": {\"S\": \"00711234522\"},\n  \"Currency\": {\"S\": \"BRL\"},\n  \"Nickname\": {\"S\": \"Satya\"},\n  \"Name\": {\"S\": \"Satya Nadella da Silva\"},\n  \"Identification\": {\"S\": \"12345678901222\"},\n  \"Age\": {\"N\": \"28\"},\n  \"Investor\": {\"S\": \"1\"},\n  \"InvestorProfile\": {\"S\": \"Moderado\"},\n  \"Amount\": {\"S\": \"800\"},\n  \"SafraCoins\": {\"S\": \"30\"},\n  \"PorcentagemFIIs\": {\"S\": \"50\"},\n  \"PorcentagemAcoes\": {\"S\": \"50\"}\n}",
            "vars": null
          }
        }
      ]
    },
    {
      "mode": "data",
      "type": "template_file",
      "name": "dynamo_data_account_03",
      "provider": "provider.template",
      "instances": [
        {
          "schema_version": 0,
          "attributes": {
            "filename": null,
            "id": "b2a363ba125e4960704f3cac1399f518a3e6ed321cef00410914cd5bd5cacf57",
            "rendered": "{\n  \"AccountId\": {\"S\": \"00711234533\"},\n  \"Currency\": {\"S\": \"BRL\"},\n  \"Nickname\": {\"S\": \"Jorge\"},\n  \"Name\": {\"S\": \"Jorge Lucas da Silva\"},\n  \"Identification\": {\"S\": \"12345678901233\"},\n  \"Age\": {\"N\": \"25\"},\n  \"Investor\": {\"S\": \"1\"},\n  \"InvestorProfile\": {\"S\": \"Agressivo\"},\n  \"Amount\": {\"S\": \"2000\"},\n  \"SafraCoins\": {\"S\": \"10\"},\n  \"PorcentagemFIIs\": {\"S\": \"20\"},\n  \"PorcentagemAcoes\": {\"S\": \"80\"}\n}",
            "template": "{\n  \"AccountId\": {\"S\": \"00711234533\"},\n  \"Currency\": {\"S\": \"BRL\"},\n  \"Nickname\": {\"S\": \"Jorge\"},\n  \"Name\": {\"S\": \"Jorge Lucas da Silva\"},\n  \"Identification\": {\"S\": \"12345678901233\"},\n  \"Age\": {\"N\": \"25\"},\n  \"Investor\": {\"S\": \"1\"},\n  \"InvestorProfile\": {\"S\": \"Agressivo\"},\n  \"Amount\": {\"S\": \"2000\"},\n  \"SafraCoins\": {\"S\": \"10\"},\n  \"PorcentagemFIIs\": {\"S\": \"20\"},\n  \"PorcentagemAcoes\": {\"S\": \"80\"}\n}",
            "vars": null
          }
        }
      ]
    },
    {
      "mode": "data",
      "type": "template_file",
      "name": "dynamo_data_wallet_01_01",
      "provider": "provider.template",
      "instances": [
        {
          "schema_version": 0,
          "attributes": {
            "filename": null,
            "id": "41c056035d8a0bfcd94be4615c0bb7972e03b65339efe6240603c51a80365586",
            "rendered": "{\n  \"InvestmentId\": {\"S\": \"0101\"},\n  \"AccountId\": {\"S\": \"00711234511\"},\n  \"WalletId\": {\"S\": \"00711234511\"},\n  \"NomeAtivo\": {\"S\": \"Tesouro IPCA 2026+\"},\n  \"Percentage\": {\"S\": \"10\"}\n}\n",
            "template": "{\n  \"InvestmentId\": {\"S\": \"0101\"},\n  \"AccountId\": {\"S\": \"00711234511\"},\n  \"WalletId\": {\"S\": \"00711234511\"},\n  \"NomeAtivo\": {\"S\": \"Tesouro IPCA 2026+\"},\n  \"Percentage\": {\"S\": \"10\"}\n}\n",
            "vars": null
          }
        }
      ]
    },
    {
      "mode": "data",
      "type": "template_file",
      "name": "dynamo_data_wallet_01_02",
      "provider": "provider.template",
      "instances": [
        {
          "schema_version": 0,
          "attributes": {
            "filename": null,
            "id": "42dda4a26ae5a4c34e065ca5b1bbbab958e7263f9c56da3247bfb8a8e7e699c2",
            "rendered": "{\n  \"InvestmentId\": {\"S\": \"0102\"},\n  \"AccountId\": {\"S\": \"00711234511\"},\n  \"WalletId\": {\"S\": \"00711234511\"},\n  \"NomeAtivo\": {\"S\": \"HGLG11\"},\n  \"Percentage\": {\"S\": \"90\"}\n}\n",
            "template": "{\n  \"InvestmentId\": {\"S\": \"0102\"},\n  \"AccountId\": {\"S\": \"00711234511\"},\n  \"WalletId\": {\"S\": \"00711234511\"},\n  \"NomeAtivo\": {\"S\": \"HGLG11\"},\n  \"Percentage\": {\"S\": \"90\"}\n}\n",
            "vars": null
          }
        }
      ]
    },
    {
      "mode": "data",
      "type": "template_file",
      "name": "dynamo_data_wallet_02_01",
      "provider": "provider.template",
      "instances": [
        {
          "schema_version": 0,
          "attributes": {
            "filename": null,
            "id": "4106b4a14fcd84fbd23940126f44a43bfe17bed61078ee1e95b41136555d3cfa",
            "rendered": "{\n  \"InvestmentId\": {\"S\": \"0201\"},\n  \"AccountId\": {\"S\": \"00711234522\"},\n  \"WalletId\": {\"S\": \"00711234522\"},\n  \"NomeAtivo\": {\"S\": \"Tesouro IPCA 2035+\"},\n  \"Percentage\": {\"S\": \"50\"}\n}\n",
            "template": "{\n  \"InvestmentId\": {\"S\": \"0201\"},\n  \"AccountId\": {\"S\": \"00711234522\"},\n  \"WalletId\": {\"S\": \"00711234522\"},\n  \"NomeAtivo\": {\"S\": \"Tesouro IPCA 2035+\"},\n  \"Percentage\": {\"S\": \"50\"}\n}\n",
            "vars": null
          }
        }
      ]
    },
    {
      "mode": "data",
      "type": "template_file",
      "name": "dynamo_data_wallet_02_02",
      "provider": "provider.template",
      "instances": [
        {
          "schema_version": 0,
          "attributes": {
            "filename": null,
            "id": "7a8bd10d2ab92961d3d55d07a6420d0d25cc164333801a4d86e108eb994432d4",
            "rendered": "{\n  \"InvestmentId\": {\"S\": \"0202\"},\n  \"AccountId\": {\"S\": \"00711234522\"},\n  \"WalletId\": {\"S\": \"00711234522\"},\n  \"NomeAtivo\": {\"S\": \"XPML11\"},\n  \"Percentage\": {\"S\": \"50\"}\n}\n",
            "template": "{\n  \"InvestmentId\": {\"S\": \"0202\"},\n  \"AccountId\": {\"S\": \"00711234522\"},\n  \"WalletId\": {\"S\": \"00711234522\"},\n  \"NomeAtivo\": {\"S\": \"XPML11\"},\n  \"Percentage\": {\"S\": \"50\"}\n}\n",
            "vars": null
          }
        }
      ]
    },
    {
      "mode": "data",
      "type": "template_file",
      "name": "dynamo_data_wallet_03_01",
      "provider": "provider.template",
      "instances": [
        {
          "schema_version": 0,
          "attributes": {
            "filename": null,
            "id": "a198f1e81a296208e43d1f5de620896347dbd09e49bd70313039e0c7293cde7c",
            "rendered": "{\n  \"InvestmentId\": {\"S\": \"0301\"},\n  \"AccountId\": {\"S\": \"00711234533\"},\n  \"WalletId\": {\"S\": \"00711234533\"},\n  \"NomeAtivo\": {\"S\": \"EMBR3\"},\n  \"Percentage\": {\"S\": \"80\"}\n}\n",
            "template": "{\n  \"InvestmentId\": {\"S\": \"0301\"},\n  \"AccountId\": {\"S\": \"00711234533\"},\n  \"WalletId\": {\"S\": \"00711234533\"},\n  \"NomeAtivo\": {\"S\": \"EMBR3\"},\n  \"Percentage\": {\"S\": \"80\"}\n}\n",
            "vars": null
          }
        }
      ]
    },
    {
      "mode": "data",
      "type": "template_file",
      "name": "dynamo_data_wallet_03_02",
      "provider": "provider.template",
      "instances": [
        {
          "schema_version": 0,
          "attributes": {
            "filename": null,
            "id": "00efb59b78a2ee53878d4ce8a34bbcbc948581ef935fe08180a58e06f1dae8c5",
            "rendered": "{\n  \"InvestmentId\": {\"S\": \"0302\"},\n  \"AccountId\": {\"S\": \"00711234533\"},\n  \"WalletId\": {\"S\": \"00711234533\"},\n  \"NomeAtivo\": {\"S\": \"HGLG11\"},\n  \"Percentage\": {\"S\": \"20\"}\n}\n",
            "template": "{\n  \"InvestmentId\": {\"S\": \"0302\"},\n  \"AccountId\": {\"S\": \"00711234533\"},\n  \"WalletId\": {\"S\": \"00711234533\"},\n  \"NomeAtivo\": {\"S\": \"HGLG11\"},\n  \"Percentage\": {\"S\": \"20\"}\n}\n",
            "vars": null
          }
        }
      ]
    },
    {
      "mode": "managed",
      "type": "aws_api_gateway_authorizer",
      "name": "apigw_authorizer",
      "provider": "provider.aws",
      "instances": [
        {
          "schema_version": 0,
          "attributes": {
            "authorizer_credentials": "arn:aws:iam::673186312179:role/api_gateway_auth_invocation",
            "authorizer_result_ttl_in_seconds": 300,
            "authorizer_uri": "arn:aws:apigateway:us-east-1:lambda:path/2015-03-31/functions/arn:aws:lambda:us-east-1:673186312179:function:safra_tecnee-api-lambda-authorizer/invocations",
            "id": "mfw41r",
            "identity_source": "method.request.header.Authorization",
            "identity_validation_expression": "",
            "name": "apigw_authorizer",
            "provider_arns": [],
            "rest_api_id": "wlrfkvp3g5",
            "type": "TOKEN"
          },
          "private": "bnVsbA==",
          "dependencies": [
            "aws_api_gateway_rest_api.api_gateway_api",
            "aws_iam_role.invocation_role_apigw",
            "aws_iam_role.role_for_lambda",
            "aws_lambda_function.lambda_api_authorizer"
          ]
        }
      ]
    },
    {
      "mode": "managed",
      "type": "aws_api_gateway_deployment",
      "name": "api_gateway_deployment",
      "provider": "provider.aws",
      "instances": [
        {
          "schema_version": 0,
          "attributes": {
            "created_date": "2020-09-13T20:15:35Z",
            "description": "",
            "execution_arn": "arn:aws:execute-api:us-east-1:673186312179:wlrfkvp3g5/production",
            "id": "id9pv5",
            "invoke_url": "https://wlrfkvp3g5.execute-api.us-east-1.amazonaws.com/production",
            "rest_api_id": "wlrfkvp3g5",
            "stage_description": null,
            "stage_name": "production",
            "triggers": null,
            "variables": null
          },
          "private": "bnVsbA==",
          "dependencies": [
            "aws_api_gateway_authorizer.apigw_authorizer",
            "aws_api_gateway_integration.integration",
            "aws_api_gateway_method.api_gateway_get",
            "aws_api_gateway_resource.api_gateway_resource",
            "aws_api_gateway_rest_api.api_gateway_api",
            "aws_iam_role.invocation_role_apigw",
            "aws_iam_role.role_for_lambda",
            "aws_lambda_function.lambda_api_authorizer",
            "aws_lambda_function.lambda_function_api_service"
          ]
        }
      ]
    },
    {
      "mode": "managed",
      "type": "aws_api_gateway_integration",
      "name": "integration",
      "provider": "provider.aws",
      "instances": [
        {
          "schema_version": 0,
          "attributes": {
            "cache_key_parameters": [],
            "cache_namespace": "v9ryh8",
            "connection_id": "",
            "connection_type": "INTERNET",
            "content_handling": "",
            "credentials": "",
            "http_method": "ANY",
            "id": "agi-wlrfkvp3g5-v9ryh8-ANY",
            "integration_http_method": "POST",
            "passthrough_behavior": "WHEN_NO_MATCH",
            "request_parameters": {},
            "request_parameters_in_json": null,
            "request_templates": {},
            "resource_id": "v9ryh8",
            "rest_api_id": "wlrfkvp3g5",
            "timeout_milliseconds": 29000,
            "type": "AWS_PROXY",
            "uri": "arn:aws:apigateway:us-east-1:lambda:path/2015-03-31/functions/arn:aws:lambda:us-east-1:673186312179:function:safra_tecnee-api-lambda/invocations"
          },
          "private": "bnVsbA==",
          "dependencies": [
            "aws_api_gateway_authorizer.apigw_authorizer",
            "aws_api_gateway_method.api_gateway_get",
            "aws_api_gateway_resource.api_gateway_resource",
            "aws_api_gateway_rest_api.api_gateway_api",
            "aws_iam_role.invocation_role_apigw",
            "aws_iam_role.role_for_lambda",
            "aws_lambda_function.lambda_api_authorizer",
            "aws_lambda_function.lambda_function_api_service"
          ]
        }
      ]
    },
    {
      "mode": "managed",
      "type": "aws_api_gateway_integration",
      "name": "integration_safra_bot",
      "provider": "provider.aws",
      "instances": [
        {
          "schema_version": 0,
          "attributes": {
            "cache_key_parameters": [],
            "cache_namespace": "c8k0xn",
            "connection_id": "",
            "connection_type": "INTERNET",
            "content_handling": "",
            "credentials": "",
            "http_method": "GET",
            "id": "agi-wlrfkvp3g5-c8k0xn-GET",
            "integration_http_method": "POST",
            "passthrough_behavior": "WHEN_NO_MATCH",
            "request_parameters": {},
            "request_parameters_in_json": null,
            "request_templates": {},
            "resource_id": "c8k0xn",
            "rest_api_id": "wlrfkvp3g5",
            "timeout_milliseconds": 29000,
            "type": "AWS_PROXY",
            "uri": "arn:aws:apigateway:us-east-1:lambda:path/2015-03-31/functions/arn:aws:lambda:us-east-1:673186312179:function:safra_tecnee-api-safra-bot-lambda/invocations"
          },
          "private": "bnVsbA==",
          "dependencies": [
            "aws_api_gateway_authorizer.apigw_authorizer",
            "aws_api_gateway_method.api_gateway_get_safra_bot",
            "aws_api_gateway_resource.api_gateway_resource_safra_bot",
            "aws_api_gateway_rest_api.api_gateway_api",
            "aws_iam_role.invocation_role_apigw",
            "aws_iam_role.role_for_lambda",
            "aws_lambda_function.lambda_api_authorizer",
            "aws_lambda_function.lambda_function_safra_bot_service"
          ]
        }
      ]
    },
    {
      "mode": "managed",
      "type": "aws_api_gateway_method",
      "name": "api_gateway_get",
      "provider": "provider.aws",
      "instances": [
        {
          "schema_version": 0,
          "attributes": {
            "api_key_required": false,
            "authorization": "CUSTOM",
            "authorization_scopes": [],
            "authorizer_id": "mfw41r",
            "http_method": "ANY",
            "id": "agm-wlrfkvp3g5-v9ryh8-ANY",
            "request_models": {},
            "request_parameters": {},
            "request_parameters_in_json": null,
            "request_validator_id": "",
            "resource_id": "v9ryh8",
            "rest_api_id": "wlrfkvp3g5"
          },
          "private": "bnVsbA==",
          "dependencies": [
            "aws_api_gateway_authorizer.apigw_authorizer",
            "aws_api_gateway_resource.api_gateway_resource",
            "aws_api_gateway_rest_api.api_gateway_api",
            "aws_iam_role.invocation_role_apigw",
            "aws_iam_role.role_for_lambda",
            "aws_lambda_function.lambda_api_authorizer"
          ]
        }
      ]
    },
    {
      "mode": "managed",
      "type": "aws_api_gateway_method",
      "name": "api_gateway_get_safra_bot",
      "provider": "provider.aws",
      "instances": [
        {
          "schema_version": 0,
          "attributes": {
            "api_key_required": false,
            "authorization": "CUSTOM",
            "authorization_scopes": [],
            "authorizer_id": "mfw41r",
            "http_method": "GET",
            "id": "agm-wlrfkvp3g5-c8k0xn-GET",
            "request_models": {},
            "request_parameters": {},
            "request_parameters_in_json": null,
            "request_validator_id": "",
            "resource_id": "c8k0xn",
            "rest_api_id": "wlrfkvp3g5"
          },
          "private": "bnVsbA==",
          "dependencies": [
            "aws_api_gateway_authorizer.apigw_authorizer",
            "aws_api_gateway_resource.api_gateway_resource_safra_bot",
            "aws_api_gateway_rest_api.api_gateway_api",
            "aws_iam_role.invocation_role_apigw",
            "aws_iam_role.role_for_lambda",
            "aws_lambda_function.lambda_api_authorizer"
          ]
        }
      ]
    },
    {
      "mode": "managed",
      "type": "aws_api_gateway_resource",
      "name": "api_gateway_resource",
      "provider": "provider.aws",
      "instances": [
        {
          "schema_version": 0,
          "attributes": {
            "id": "v9ryh8",
            "parent_id": "b9lvrt6tzd",
            "path": "/{proxy+}",
            "path_part": "{proxy+}",
            "rest_api_id": "wlrfkvp3g5"
          },
          "private": "bnVsbA==",
          "dependencies": [
            "aws_api_gateway_rest_api.api_gateway_api"
          ]
        }
      ]
    },
    {
      "mode": "managed",
      "type": "aws_api_gateway_resource",
      "name": "api_gateway_resource_safra_bot",
      "provider": "provider.aws",
      "instances": [
        {
          "schema_version": 0,
          "attributes": {
            "id": "c8k0xn",
            "parent_id": "b9lvrt6tzd",
            "path": "/safra-bot",
            "path_part": "safra-bot",
            "rest_api_id": "wlrfkvp3g5"
          },
          "private": "bnVsbA==",
          "dependencies": [
            "aws_api_gateway_rest_api.api_gateway_api"
          ]
        }
      ]
    },
    {
      "mode": "managed",
      "type": "aws_api_gateway_rest_api",
      "name": "api_gateway_api",
      "provider": "provider.aws",
      "instances": [
        {
          "schema_version": 0,
          "attributes": {
            "api_key_source": "HEADER",
            "arn": "arn:aws:apigateway:us-east-1::/restapis/wlrfkvp3g5",
            "binary_media_types": [],
            "body": null,
            "created_date": "2020-09-13T20:15:02Z",
            "description": "Query a DynamoDB Table for values",
            "endpoint_configuration": [
              {
                "types": [
                  "EDGE"
                ],
                "vpc_endpoint_ids": []
              }
            ],
            "execution_arn": "arn:aws:execute-api:us-east-1:673186312179:wlrfkvp3g5",
            "id": "wlrfkvp3g5",
            "minimum_compression_size": -1,
            "name": "safra_tecnee-api-gateway-service",
            "policy": "",
            "root_resource_id": "b9lvrt6tzd",
            "tags": {}
          },
          "private": "bnVsbA=="
        }
      ]
    },
    {
      "mode": "managed",
      "type": "aws_dynamodb_table",
      "name": "dynamodb_account_prod",
      "provider": "provider.aws",
      "instances": [
        {
          "schema_version": 1,
          "attributes": {
            "arn": "arn:aws:dynamodb:us-east-1:673186312179:table/safra_tecnee_account",
            "attribute": [
              {
                "name": "AccountId",
                "type": "S"
              }
            ],
            "billing_mode": "PAY_PER_REQUEST",
            "global_secondary_index": [],
            "hash_key": "AccountId",
            "id": "safra_tecnee_account",
            "local_secondary_index": [],
            "name": "safra_tecnee_account",
            "point_in_time_recovery": [
              {
                "enabled": false
              }
            ],
            "range_key": null,
            "read_capacity": 0,
            "replica": [],
            "server_side_encryption": [],
            "stream_arn": "",
            "stream_enabled": false,
            "stream_label": "",
            "stream_view_type": "",
            "tags": {},
            "timeouts": null,
            "ttl": [
              {
                "attribute_name": "",
                "enabled": false
              }
            ],
            "write_capacity": 0
          },
          "private": "eyJlMmJmYjczMC1lY2FhLTExZTYtOGY4OC0zNDM2M2JjN2M0YzAiOnsiY3JlYXRlIjo2MDAwMDAwMDAwMDAsImRlbGV0ZSI6NjAwMDAwMDAwMDAwLCJ1cGRhdGUiOjM2MDAwMDAwMDAwMDB9LCJzY2hlbWFfdmVyc2lvbiI6IjEifQ=="
        }
      ]
    },
    {
      "mode": "managed",
      "type": "aws_dynamodb_table",
      "name": "dynamodb_wallet_prod",
      "provider": "provider.aws",
      "instances": [
        {
          "schema_version": 1,
          "attributes": {
            "arn": "arn:aws:dynamodb:us-east-1:673186312179:table/safra_tecnee_wallet",
            "attribute": [
              {
                "name": "InvestmentId",
                "type": "S"
              }
            ],
            "billing_mode": "PAY_PER_REQUEST",
            "global_secondary_index": [],
            "hash_key": "InvestmentId",
            "id": "safra_tecnee_wallet",
            "local_secondary_index": [],
            "name": "safra_tecnee_wallet",
            "point_in_time_recovery": [
              {
                "enabled": false
              }
            ],
            "range_key": null,
            "read_capacity": 0,
            "replica": [],
            "server_side_encryption": [],
            "stream_arn": "",
            "stream_enabled": false,
            "stream_label": "",
            "stream_view_type": "",
            "tags": {},
            "timeouts": null,
            "ttl": [
              {
                "attribute_name": "",
                "enabled": false
              }
            ],
            "write_capacity": 0
          },
          "private": "eyJlMmJmYjczMC1lY2FhLTExZTYtOGY4OC0zNDM2M2JjN2M0YzAiOnsiY3JlYXRlIjo2MDAwMDAwMDAwMDAsImRlbGV0ZSI6NjAwMDAwMDAwMDAwLCJ1cGRhdGUiOjM2MDAwMDAwMDAwMDB9LCJzY2hlbWFfdmVyc2lvbiI6IjEifQ=="
        }
      ]
    },
    {
      "mode": "managed",
      "type": "aws_dynamodb_table_item",
      "name": "dynamodb_prod_data_account_01",
      "provider": "provider.aws",
      "instances": [
        {
          "schema_version": 0,
          "attributes": {
            "hash_key": "AccountId",
            "id": "safra_tecnee_account|AccountId||00711234511|",
            "item": "{\n  \"AccountId\": {\"S\": \"00711234511\"},\n  \"Currency\": {\"S\": \"BRL\"},\n  \"Nickname\": {\"S\": \"Susan\"},\n  \"Name\": {\"S\": \"Susan Wojcicki da Silva\"},\n  \"Identification\": {\"S\": \"12345678901211\"},\n  \"Age\": {\"N\": \"30\"},\n  \"Investor\": {\"S\": \"1\"},\n  \"InvestorProfile\": {\"S\": \"Conservador\"},\n  \"Amount\": {\"S\": \"1000\"},\n  \"SafraCoins\": {\"S\": \"100\"},\n  \"PorcentagemFIIs\": {\"S\": \"90\"},\n  \"PorcentagemAcoes\": {\"S\": \"10\"}\n}",
            "range_key": null,
            "table_name": "safra_tecnee_account"
          },
          "private": "bnVsbA==",
          "dependencies": [
            "aws_dynamodb_table.dynamodb_account_prod"
          ]
        }
      ]
    },
    {
      "mode": "managed",
      "type": "aws_dynamodb_table_item",
      "name": "dynamodb_prod_data_account_02",
      "provider": "provider.aws",
      "instances": [
        {
          "schema_version": 0,
          "attributes": {
            "hash_key": "AccountId",
            "id": "safra_tecnee_account|AccountId||00711234522|",
            "item": "{\n  \"AccountId\": {\"S\": \"00711234522\"},\n  \"Currency\": {\"S\": \"BRL\"},\n  \"Nickname\": {\"S\": \"Satya\"},\n  \"Name\": {\"S\": \"Satya Nadella da Silva\"},\n  \"Identification\": {\"S\": \"12345678901222\"},\n  \"Age\": {\"N\": \"28\"},\n  \"Investor\": {\"S\": \"1\"},\n  \"InvestorProfile\": {\"S\": \"Moderado\"},\n  \"Amount\": {\"S\": \"800\"},\n  \"SafraCoins\": {\"S\": \"30\"},\n  \"PorcentagemFIIs\": {\"S\": \"50\"},\n  \"PorcentagemAcoes\": {\"S\": \"50\"}\n}",
            "range_key": null,
            "table_name": "safra_tecnee_account"
          },
          "private": "bnVsbA==",
          "dependencies": [
            "aws_dynamodb_table.dynamodb_account_prod"
          ]
        }
      ]
    },
    {
      "mode": "managed",
      "type": "aws_dynamodb_table_item",
      "name": "dynamodb_prod_data_account_03",
      "provider": "provider.aws",
      "instances": [
        {
          "schema_version": 0,
          "attributes": {
            "hash_key": "AccountId",
            "id": "safra_tecnee_account|AccountId||00711234533|",
            "item": "{\n  \"AccountId\": {\"S\": \"00711234533\"},\n  \"Currency\": {\"S\": \"BRL\"},\n  \"Nickname\": {\"S\": \"Jorge\"},\n  \"Name\": {\"S\": \"Jorge Lucas da Silva\"},\n  \"Identification\": {\"S\": \"12345678901233\"},\n  \"Age\": {\"N\": \"25\"},\n  \"Investor\": {\"S\": \"1\"},\n  \"InvestorProfile\": {\"S\": \"Agressivo\"},\n  \"Amount\": {\"S\": \"2000\"},\n  \"SafraCoins\": {\"S\": \"10\"},\n  \"PorcentagemFIIs\": {\"S\": \"20\"},\n  \"PorcentagemAcoes\": {\"S\": \"80\"}\n}",
            "range_key": null,
            "table_name": "safra_tecnee_account"
          },
          "private": "bnVsbA==",
          "dependencies": [
            "aws_dynamodb_table.dynamodb_account_prod"
          ]
        }
      ]
    },
    {
      "mode": "managed",
      "type": "aws_dynamodb_table_item",
      "name": "dynamodb_prod_data_wallet_01_01",
      "provider": "provider.aws",
      "instances": [
        {
          "schema_version": 0,
          "attributes": {
            "hash_key": "InvestmentId",
            "id": "safra_tecnee_wallet|InvestmentId||0101|",
            "item": "{\n  \"InvestmentId\": {\"S\": \"0101\"},\n  \"AccountId\": {\"S\": \"00711234511\"},\n  \"WalletId\": {\"S\": \"00711234511\"},\n  \"NomeAtivo\": {\"S\": \"Tesouro IPCA 2026+\"},\n  \"Percentage\": {\"S\": \"10\"}\n}\n",
            "range_key": null,
            "table_name": "safra_tecnee_wallet"
          },
          "private": "bnVsbA==",
          "dependencies": [
            "aws_dynamodb_table.dynamodb_wallet_prod"
          ]
        }
      ]
    },
    {
      "mode": "managed",
      "type": "aws_dynamodb_table_item",
      "name": "dynamodb_prod_data_wallet_01_02",
      "provider": "provider.aws",
      "instances": [
        {
          "schema_version": 0,
          "attributes": {
            "hash_key": "InvestmentId",
            "id": "safra_tecnee_wallet|InvestmentId||0102|",
            "item": "{\n  \"InvestmentId\": {\"S\": \"0102\"},\n  \"AccountId\": {\"S\": \"00711234511\"},\n  \"WalletId\": {\"S\": \"00711234511\"},\n  \"NomeAtivo\": {\"S\": \"HGLG11\"},\n  \"Percentage\": {\"S\": \"90\"}\n}\n",
            "range_key": null,
            "table_name": "safra_tecnee_wallet"
          },
          "private": "bnVsbA==",
          "dependencies": [
            "aws_dynamodb_table.dynamodb_wallet_prod"
          ]
        }
      ]
    },
    {
      "mode": "managed",
      "type": "aws_dynamodb_table_item",
      "name": "dynamodb_prod_data_wallet_02_01",
      "provider": "provider.aws",
      "instances": [
        {
          "schema_version": 0,
          "attributes": {
            "hash_key": "InvestmentId",
            "id": "safra_tecnee_wallet|InvestmentId||0201|",
            "item": "{\n  \"InvestmentId\": {\"S\": \"0201\"},\n  \"AccountId\": {\"S\": \"00711234522\"},\n  \"WalletId\": {\"S\": \"00711234522\"},\n  \"NomeAtivo\": {\"S\": \"Tesouro IPCA 2035+\"},\n  \"Percentage\": {\"S\": \"50\"}\n}\n",
            "range_key": null,
            "table_name": "safra_tecnee_wallet"
          },
          "private": "bnVsbA==",
          "dependencies": [
            "aws_dynamodb_table.dynamodb_wallet_prod"
          ]
        }
      ]
    },
    {
      "mode": "managed",
      "type": "aws_dynamodb_table_item",
      "name": "dynamodb_prod_data_wallet_02_02",
      "provider": "provider.aws",
      "instances": [
        {
          "schema_version": 0,
          "attributes": {
            "hash_key": "InvestmentId",
            "id": "safra_tecnee_wallet|InvestmentId||0202|",
            "item": "{\n  \"InvestmentId\": {\"S\": \"0202\"},\n  \"AccountId\": {\"S\": \"00711234522\"},\n  \"WalletId\": {\"S\": \"00711234522\"},\n  \"NomeAtivo\": {\"S\": \"XPML11\"},\n  \"Percentage\": {\"S\": \"50\"}\n}\n",
            "range_key": null,
            "table_name": "safra_tecnee_wallet"
          },
          "private": "bnVsbA==",
          "dependencies": [
            "aws_dynamodb_table.dynamodb_wallet_prod"
          ]
        }
      ]
    },
    {
      "mode": "managed",
      "type": "aws_dynamodb_table_item",
      "name": "dynamodb_prod_data_wallet_03_01",
      "provider": "provider.aws",
      "instances": [
        {
          "schema_version": 0,
          "attributes": {
            "hash_key": "InvestmentId",
            "id": "safra_tecnee_wallet|InvestmentId||0301|",
            "item": "{\n  \"InvestmentId\": {\"S\": \"0301\"},\n  \"AccountId\": {\"S\": \"00711234533\"},\n  \"WalletId\": {\"S\": \"00711234533\"},\n  \"NomeAtivo\": {\"S\": \"EMBR3\"},\n  \"Percentage\": {\"S\": \"80\"}\n}\n",
            "range_key": null,
            "table_name": "safra_tecnee_wallet"
          },
          "private": "bnVsbA==",
          "dependencies": [
            "aws_dynamodb_table.dynamodb_wallet_prod"
          ]
        }
      ]
    },
    {
      "mode": "managed",
      "type": "aws_dynamodb_table_item",
      "name": "dynamodb_prod_data_wallet_03_02",
      "provider": "provider.aws",
      "instances": [
        {
          "schema_version": 0,
          "attributes": {
            "hash_key": "InvestmentId",
            "id": "safra_tecnee_wallet|InvestmentId||0302|",
            "item": "{\n  \"InvestmentId\": {\"S\": \"0302\"},\n  \"AccountId\": {\"S\": \"00711234533\"},\n  \"WalletId\": {\"S\": \"00711234533\"},\n  \"NomeAtivo\": {\"S\": \"HGLG11\"},\n  \"Percentage\": {\"S\": \"20\"}\n}\n",
            "range_key": null,
            "table_name": "safra_tecnee_wallet"
          },
          "private": "bnVsbA==",
          "dependencies": [
            "aws_dynamodb_table.dynamodb_wallet_prod"
          ]
        }
      ]
    },
    {
      "mode": "managed",
      "type": "aws_iam_policy",
      "name": "dynamodb-access",
      "provider": "provider.aws",
      "instances": [
        {
          "schema_version": 0,
          "attributes": {
            "arn": "arn:aws:iam::673186312179:policy/dynamodb-access",
            "description": "",
            "id": "arn:aws:iam::673186312179:policy/dynamodb-access",
            "name": "dynamodb-access",
            "name_prefix": null,
            "path": "/",
            "policy": "{\n    \"Version\": \"2012-10-17\",\n    \"Statement\": [\n        {\n            \"Effect\": \"Allow\",\n            \"Action\": [\n                \"logs:CreateLogGroup\",\n                \"logs:CreateLogStream\",\n                \"logs:PutLogEvents\"\n            ],\n            \"Resource\": \"arn:aws:logs:*:*:*\"\n        },\n        {\n            \"Effect\": \"Allow\",\n            \"Action\": [\n                \"dynamodb:Get*\",\n                \"dynamodb:query\",\n                \"dynamodb:scan\"\n            ],\n            \"Resource\": [\n              \"arn:aws:dynamodb:us-east-1:673186312179:table/safra_tecnee_account\",\n              \"arn:aws:dynamodb:us-east-1:673186312179:table/safra_tecnee_wallet\"\n            ]\n        }\n    ]\n}\n"
          },
          "private": "bnVsbA==",
          "dependencies": [
            "aws_dynamodb_table.dynamodb_account_prod",
            "aws_dynamodb_table.dynamodb_wallet_prod"
          ]
        }
      ]
    },
    {
      "mode": "managed",
      "type": "aws_iam_role",
      "name": "invocation_role_apigw",
      "provider": "provider.aws",
      "instances": [
        {
          "schema_version": 0,
          "attributes": {
            "arn": "arn:aws:iam::673186312179:role/api_gateway_auth_invocation",
            "assume_role_policy": "{\"Version\":\"2012-10-17\",\"Statement\":[{\"Sid\":\"\",\"Effect\":\"Allow\",\"Principal\":{\"Service\":\"apigateway.amazonaws.com\"},\"Action\":\"sts:AssumeRole\"}]}",
            "create_date": "2020-09-13T20:15:02Z",
            "description": "",
            "force_detach_policies": false,
            "id": "api_gateway_auth_invocation",
            "max_session_duration": 3600,
            "name": "api_gateway_auth_invocation",
            "name_prefix": null,
            "path": "/",
            "permissions_boundary": null,
            "tags": {},
            "unique_id": "AROAZZPIH57ZUUPSWWABX"
          },
          "private": "bnVsbA=="
        }
      ]
    },
    {
      "mode": "managed",
      "type": "aws_iam_role",
      "name": "role_for_lambda",
      "provider": "provider.aws",
      "instances": [
        {
          "schema_version": 0,
          "attributes": {
            "arn": "arn:aws:iam::673186312179:role/role_for_lambda",
            "assume_role_policy": "{\"Version\":\"2012-10-17\",\"Statement\":[{\"Sid\":\"\",\"Effect\":\"Allow\",\"Principal\":{\"Service\":\"lambda.amazonaws.com\"},\"Action\":\"sts:AssumeRole\"}]}",
            "create_date": "2020-09-13T20:15:02Z",
            "description": "",
            "force_detach_policies": false,
            "id": "role_for_lambda",
            "max_session_duration": 3600,
            "name": "role_for_lambda",
            "name_prefix": null,
            "path": "/",
            "permissions_boundary": null,
            "tags": {},
            "unique_id": "AROAZZPIH57ZXUCIIL54Z"
          },
          "private": "bnVsbA=="
        }
      ]
    },
    {
      "mode": "managed",
      "type": "aws_iam_role_policy",
      "name": "invocation_policy",
      "provider": "provider.aws",
      "instances": [
        {
          "schema_version": 0,
          "attributes": {
            "id": "api_gateway_auth_invocation:invocation_policy_apigw",
            "name": "invocation_policy_apigw",
            "name_prefix": null,
            "policy": "{\n  \"Version\": \"2012-10-17\",\n  \"Statement\": [\n    {\n      \"Action\": \"lambda:InvokeFunction\",\n      \"Effect\": \"Allow\",\n      \"Resource\": \"arn:aws:lambda:us-east-1:673186312179:function:safra_tecnee-api-lambda-authorizer\"\n    }\n  ]\n}\n",
            "role": "api_gateway_auth_invocation"
          },
          "private": "bnVsbA==",
          "dependencies": [
            "aws_iam_role.invocation_role_apigw",
            "aws_iam_role.role_for_lambda",
            "aws_lambda_function.lambda_api_authorizer"
          ]
        }
      ]
    },
    {
      "mode": "managed",
      "type": "aws_iam_role_policy_attachment",
      "name": "dynamodb-access",
      "provider": "provider.aws",
      "instances": [
        {
          "schema_version": 0,
          "attributes": {
            "id": "role_for_lambda-20200913201514049400000001",
            "policy_arn": "arn:aws:iam::673186312179:policy/dynamodb-access",
            "role": "role_for_lambda"
          },
          "private": "bnVsbA==",
          "dependencies": [
            "aws_dynamodb_table.dynamodb_account_prod",
            "aws_iam_policy.dynamodb-access",
            "aws_iam_role.role_for_lambda"
          ]
        }
      ]
    },
    {
      "mode": "managed",
      "type": "aws_lambda_function",
      "name": "lambda_api_authorizer",
      "provider": "provider.aws",
      "instances": [
        {
          "schema_version": 0,
          "attributes": {
            "arn": "arn:aws:lambda:us-east-1:673186312179:function:safra_tecnee-api-lambda-authorizer",
            "dead_letter_config": [],
            "description": "",
            "environment": [],
            "file_system_config": [],
            "filename": "./lambda_files/lambda_api_authorizer/lambda_api_authorizer.zip",
            "function_name": "safra_tecnee-api-lambda-authorizer",
            "handler": "lambda_api_authorizer.handler",
            "id": "safra_tecnee-api-lambda-authorizer",
            "invoke_arn": "arn:aws:apigateway:us-east-1:lambda:path/2015-03-31/functions/arn:aws:lambda:us-east-1:673186312179:function:safra_tecnee-api-lambda-authorizer/invocations",
            "kms_key_arn": "",
            "last_modified": "2020-09-13T20:15:24.756+0000",
            "layers": [],
            "memory_size": 128,
            "publish": false,
            "qualified_arn": "arn:aws:lambda:us-east-1:673186312179:function:safra_tecnee-api-lambda-authorizer:$LATEST",
            "reserved_concurrent_executions": -1,
            "role": "arn:aws:iam::673186312179:role/role_for_lambda",
            "runtime": "nodejs12.x",
            "s3_bucket": null,
            "s3_key": null,
            "s3_object_version": null,
            "source_code_hash": "wLSGwJcjB82O9NecPpTQ8o8MP7tpypsfLyDXOY71Qlc=",
            "source_code_size": 1048,
            "tags": {},
            "timeout": 10,
            "timeouts": null,
            "tracing_config": [
              {
                "mode": "PassThrough"
              }
            ],
            "version": "$LATEST",
            "vpc_config": []
          },
          "private": "eyJlMmJmYjczMC1lY2FhLTExZTYtOGY4OC0zNDM2M2JjN2M0YzAiOnsiY3JlYXRlIjo2MDAwMDAwMDAwMDB9fQ==",
          "dependencies": [
            "aws_iam_role.role_for_lambda"
          ]
        }
      ]
    },
    {
      "mode": "managed",
      "type": "aws_lambda_function",
      "name": "lambda_function_api_service",
      "provider": "provider.aws",
      "instances": [
        {
          "schema_version": 0,
          "attributes": {
            "arn": "arn:aws:lambda:us-east-1:673186312179:function:safra_tecnee-api-lambda",
            "dead_letter_config": [],
            "description": "",
            "environment": [],
            "file_system_config": [],
            "filename": "./lambda_files/lambda_function/lambda_function.zip",
            "function_name": "safra_tecnee-api-lambda",
            "handler": "lambda_function.lambda_handler",
            "id": "safra_tecnee-api-lambda",
            "invoke_arn": "arn:aws:apigateway:us-east-1:lambda:path/2015-03-31/functions/arn:aws:lambda:us-east-1:673186312179:function:safra_tecnee-api-lambda/invocations",
            "kms_key_arn": "",
            "last_modified": "2020-09-13T23:58:02.504+0000",
            "layers": [],
            "memory_size": 128,
            "publish": false,
            "qualified_arn": "arn:aws:lambda:us-east-1:673186312179:function:safra_tecnee-api-lambda:$LATEST",
            "reserved_concurrent_executions": -1,
            "role": "arn:aws:iam::673186312179:role/role_for_lambda",
            "runtime": "python3.8",
            "s3_bucket": null,
            "s3_key": null,
            "s3_object_version": null,
            "source_code_hash": "1cnYxObhGsy2y3+3JObz3ldzcC0G13YvFFji4WRqJzc=",
            "source_code_size": 3900,
            "tags": {},
            "timeout": 10,
            "timeouts": null,
            "tracing_config": [
              {
                "mode": "PassThrough"
              }
            ],
            "version": "$LATEST",
            "vpc_config": []
          },
          "private": "eyJlMmJmYjczMC1lY2FhLTExZTYtOGY4OC0zNDM2M2JjN2M0YzAiOnsiY3JlYXRlIjo2MDAwMDAwMDAwMDB9fQ==",
          "dependencies": [
            "aws_iam_role.role_for_lambda"
          ]
        }
      ]
    },
    {
      "mode": "managed",
      "type": "aws_lambda_function",
      "name": "lambda_function_safra_bot_service",
      "provider": "provider.aws",
      "instances": [
        {
          "schema_version": 0,
          "attributes": {
            "arn": "arn:aws:lambda:us-east-1:673186312179:function:safra_tecnee-api-safra-bot-lambda",
            "dead_letter_config": [],
            "description": "",
            "environment": [],
            "file_system_config": [],
            "filename": "./lambda_files/safra_bot/safra_bot.zip",
            "function_name": "safra_tecnee-api-safra-bot-lambda",
            "handler": "lambda_function.lambda_handler",
            "id": "safra_tecnee-api-safra-bot-lambda",
            "invoke_arn": "arn:aws:apigateway:us-east-1:lambda:path/2015-03-31/functions/arn:aws:lambda:us-east-1:673186312179:function:safra_tecnee-api-safra-bot-lambda/invocations",
            "kms_key_arn": "",
            "last_modified": "2020-09-14T00:30:10.168+0000",
            "layers": [],
            "memory_size": 128,
            "publish": false,
            "qualified_arn": "arn:aws:lambda:us-east-1:673186312179:function:safra_tecnee-api-safra-bot-lambda:$LATEST",
            "reserved_concurrent_executions": -1,
            "role": "arn:aws:iam::673186312179:role/role_for_lambda",
            "runtime": "python3.8",
            "s3_bucket": null,
            "s3_key": null,
            "s3_object_version": null,
            "source_code_hash": "dC7U/yfXGkBh8T0+f2N5TRR/sT9Uz/nCBGnAGNqz9+U=",
            "source_code_size": 2049,
            "tags": {},
            "timeout": 10,
            "timeouts": null,
            "tracing_config": [
              {
                "mode": "PassThrough"
              }
            ],
            "version": "$LATEST",
            "vpc_config": []
          },
          "private": "eyJlMmJmYjczMC1lY2FhLTExZTYtOGY4OC0zNDM2M2JjN2M0YzAiOnsiY3JlYXRlIjo2MDAwMDAwMDAwMDB9fQ==",
          "dependencies": [
            "aws_iam_role.role_for_lambda"
          ]
        }
      ]
    },
    {
      "mode": "managed",
      "type": "aws_lambda_permission",
      "name": "apigw_lambda",
      "provider": "provider.aws",
      "instances": [
        {
          "schema_version": 0,
          "attributes": {
            "action": "lambda:InvokeFunction",
            "event_source_token": null,
            "function_name": "arn:aws:lambda:us-east-1:673186312179:function:safra_tecnee-api-lambda",
            "id": "AllowExecutionFromAPIGateway",
            "principal": "apigateway.amazonaws.com",
            "qualifier": "",
            "source_account": null,
            "source_arn": "arn:aws:execute-api:us-east-1:673186312179:wlrfkvp3g5/*/*",
            "statement_id": "AllowExecutionFromAPIGateway",
            "statement_id_prefix": null
          },
          "private": "bnVsbA==",
          "dependencies": [
            "aws_api_gateway_rest_api.api_gateway_api",
            "aws_iam_role.role_for_lambda",
            "aws_lambda_function.lambda_function_api_service"
          ]
        }
      ]
    },
    {
      "mode": "managed",
      "type": "aws_lambda_permission",
      "name": "apigw_lambda_safra_bot",
      "provider": "provider.aws",
      "instances": [
        {
          "schema_version": 0,
          "attributes": {
            "action": "lambda:InvokeFunction",
            "event_source_token": null,
            "function_name": "arn:aws:lambda:us-east-1:673186312179:function:safra_tecnee-api-safra-bot-lambda",
            "id": "AllowExecutionFromAPIGateway",
            "principal": "apigateway.amazonaws.com",
            "qualifier": "",
            "source_account": null,
            "source_arn": "arn:aws:execute-api:us-east-1:673186312179:wlrfkvp3g5/*/*",
            "statement_id": "AllowExecutionFromAPIGateway",
            "statement_id_prefix": null
          },
          "private": "bnVsbA==",
          "dependencies": [
            "aws_api_gateway_rest_api.api_gateway_api",
            "aws_iam_role.role_for_lambda",
            "aws_lambda_function.lambda_function_safra_bot_service"
          ]
        }
      ]
    }
  ]
}
